# THIS IS AN AUTOGENERATED FILE. DO NOT EDIT THIS FILE DIRECTLY.
# yarn lockfile v1


"@grpc/grpc-js@^0.7.0":
  version "0.7.0"
  resolved "https://registry.yarnpkg.com/@grpc/grpc-js/-/grpc-js-0.7.0.tgz#0dd92392e162e24c7369a21bd46e5d802ee70e05"
  integrity sha512-OnFiBKbjRh/mmOJzpd2ONt5W77MYLyOf5jDKdeLaocdoLIxcc3R/iboFkWm7+3pmlZWa+IqFgqYGzAmuNxNxOw==
  dependencies:
    semver "^6.2.0"

google-protobuf@^3.11.4:
  version "3.11.4"
  resolved "https://registry.yarnpkg.com/google-protobuf/-/google-protobuf-3.11.4.tgz#598ca405a3cfa917a2132994d008b5932ef42014"
  integrity sha512-lL6b04rDirurUBOgsY2+LalI6Evq8eH5TcNzi7TYQ3BsIWelT0KSOQSBsXuavEkNf+odQU6c0lgz3UsZXeNX9Q==

semver@^6.2.0:
  version "6.3.0"
  resolved "https://registry.yarnpkg.com/semver/-/semver-6.3.0.tgz#ee0a64c8af5e8ceea67687b133761e1becbd1d3d"
  integrity sha512-b39TBaTSfV6yBrapU89p5fKekE2m/NwnDocOVruQFS1/veMgdzuPcnOM34M6CwxW8jH/lxEa5rBoDeUwu5HHTw==
